Microsoft Visual Studio Solution File, Format Version 11.00
# Visual Studio 2008

Project("{30454921-E0BB-A3FA-6E44-2D0484C24311}") = "WCFProto", "Assembly-CSharp.csproj", "{CFBF8BDF-5C7D-CBFD-074D-873AFBF99518}"
EndProject
Global
	GlobalSection(SolutionConfigurationPlatforms) = preSolution
		Debug|Any CPU = Debug|Any CPU
		Release|Any CPU = Release|Any CPU
	EndGlobalSection
	GlobalSection(ProjectConfigurationPlatforms) = postSolution
		{CFBF8BDF-5C7D-CBFD-074D-873AFBF99518}.Debug|Any CPU.ActiveCfg = Debug|Any CPU
		{CFBF8BDF-5C7D-CBFD-074D-873AFBF99518}.Debug|Any CPU.Build.0 = Debug|Any CPU
		{CFBF8BDF-5C7D-CBFD-074D-873AFBF99518}.Release|Any CPU.ActiveCfg = Release|Any CPU
		{CFBF8BDF-5C7D-CBFD-074D-873AFBF99518}.Release|Any CPU.Build.0 = Release|Any CPU
	EndGlobalSection
	GlobalSection(SolutionProperties) = preSolution
		HideSolutionNode = FALSE
	EndGlobalSection
	GlobalSection(MonoDevelopProperties) = preSolution
		StartupItem = Assembly-CSharp.csproj
	EndGlobalSection
EndGlobal
